
Microsoft Visual Studio Solution File, Format Version 12.00
# Visual Studio Version 17
VisualStudioVersion = 17.7.34003.232
MinimumVisualStudioVersion = 10.0.40219.1
Project("{FAE04EC0-301F-11D3-BF4B-00C04F79EFBC}") = "Atividade01", "Atividade01\Atividade01.csproj", "{A07B08AB-06D4-4842-8F90-E389ECA60619}"
EndProject
Global
	GlobalSection(SolutionConfigurationPlatforms) = preSolution
		Debug|Any CPU = Debug|Any CPU
		Release|Any CPU = Release|Any CPU
	EndGlobalSection
	GlobalSection(ProjectConfigurationPlatforms) = postSolution
		{A07B08AB-06D4-4842-8F90-E389ECA60619}.Debug|Any CPU.ActiveCfg = Debug|Any CPU
		{A07B08AB-06D4-4842-8F90-E389ECA60619}.Debug|Any CPU.Build.0 = Debug|Any CPU
		{A07B08AB-06D4-4842-8F90-E389ECA60619}.Release|Any CPU.ActiveCfg = Release|Any CPU
		{A07B08AB-06D4-4842-8F90-E389ECA60619}.Release|Any CPU.Build.0 = Release|Any CPU
	EndGlobalSection
	GlobalSection(SolutionProperties) = preSolution
		HideSolutionNode = FALSE
	EndGlobalSection
	GlobalSection(ExtensibilityGlobals) = postSolution
		SolutionGuid = {8A085404-CDC7-4313-8535-1BD75AD14719}
	EndGlobalSection
EndGlobal
